
Microsoft Visual Studio Solution File, Format Version 12.00
# Visual Studio Version 17
VisualStudioVersion = 17.0.32112.339
MinimumVisualStudioVersion = 10.0.40219.1
Project("{FAE04EC0-301F-11D3-BF4B-00C04F79EFBC}") = "ManipulandoArrays.ConsoleApp", "ManipulandoArrays.ConsoleApp\ManipulandoArrays.ConsoleApp.csproj", "{027EEF9C-A7E3-411E-839F-A36879ECD40C}"
EndProject
Global
	GlobalSection(SolutionConfigurationPlatforms) = preSolution
		Debug|Any CPU = Debug|Any CPU
		Release|Any CPU = Release|Any CPU
	EndGlobalSection
	GlobalSection(ProjectConfigurationPlatforms) = postSolution
		{027EEF9C-A7E3-411E-839F-A36879ECD40C}.Debug|Any CPU.ActiveCfg = Debug|Any CPU
		{027EEF9C-A7E3-411E-839F-A36879ECD40C}.Debug|Any CPU.Build.0 = Debug|Any CPU
		{027EEF9C-A7E3-411E-839F-A36879ECD40C}.Release|Any CPU.ActiveCfg = Release|Any CPU
		{027EEF9C-A7E3-411E-839F-A36879ECD40C}.Release|Any CPU.Build.0 = Release|Any CPU
	EndGlobalSection
	GlobalSection(SolutionProperties) = preSolution
		HideSolutionNode = FALSE
	EndGlobalSection
	GlobalSection(ExtensibilityGlobals) = postSolution
		SolutionGuid = {C08F0D23-2A40-4273-ACF9-256D426D36B6}
	EndGlobalSection
EndGlobal
